
Microsoft Visual Studio Solution File, Format Version 12.00
# Visual Studio 2012
Project("{FAE04EC0-301F-11D3-BF4B-00C04F79EFBC}") = "tiemlvph03192_QuanLiBanHang", "tiemlvph03192_QuanLiBanHang\tiemlvph03192_QuanLiBanHang.csproj", "{0F8842A8-AB6D-4980-9C01-E83C2D18A231}"
EndProject
Global
	GlobalSection(SolutionConfigurationPlatforms) = preSolution
		Debug|Any CPU = Debug|Any CPU
		Release|Any CPU = Release|Any CPU
	EndGlobalSection
	GlobalSection(ProjectConfigurationPlatforms) = postSolution
		{0F8842A8-AB6D-4980-9C01-E83C2D18A231}.Debug|Any CPU.ActiveCfg = Debug|Any CPU
		{0F8842A8-AB6D-4980-9C01-E83C2D18A231}.Debug|Any CPU.Build.0 = Debug|Any CPU
		{0F8842A8-AB6D-4980-9C01-E83C2D18A231}.Release|Any CPU.ActiveCfg = Release|Any CPU
		{0F8842A8-AB6D-4980-9C01-E83C2D18A231}.Release|Any CPU.Build.0 = Release|Any CPU
	EndGlobalSection
	GlobalSection(SolutionProperties) = preSolution
		HideSolutionNode = FALSE
	EndGlobalSection
EndGlobal
